
Microsoft Visual Studio Solution File, Format Version 12.00
# Visual Studio 2012
Project("{FAE04EC0-301F-11D3-BF4B-00C04F79EFBC}") = "SAP.CRM.MT", "MT.SAP.CRM\SAP.CRM.MT.csproj", "{04CAE728-FF39-4167-BA26-37F761496D75}"
EndProject
Project("{FAE04EC0-301F-11D3-BF4B-00C04F79EFBC}") = "SAP.CRM.Core.MT", "SAP.CRM.Core\SAP.CRM.Core.MT.csproj", "{D17D4C7F-C77D-4B2D-BC4B-3C2FD36705FA}"
EndProject
Project("{FAE04EC0-301F-11D3-BF4B-00C04F79EFBC}") = "SAP.CRM.Core", "SAP.CRM.Core\SAP.CRM.Core.csproj", "{A471D612-5FDD-45A1-87D6-74CA143FD41C}"
EndProject
Project("{FAE04EC0-301F-11D3-BF4B-00C04F79EFBC}") = "SAP.CRM.UnitTest", "SAP.CRM.UnitTest\SAP.CRM.UnitTest.csproj", "{16C50F05-452B-43F1-89B2-F0EBA71A6E6C}"
EndProject
Project("{FAE04EC0-301F-11D3-BF4B-00C04F79EFBC}") = "SAP.CRM.Gateway", "SAP.CRM.Gateway\SAP.CRM.Gateway.csproj", "{22D4D106-A58C-4640-9497-964BAEE3F8E6}"
EndProject
Global
	GlobalSection(SolutionConfigurationPlatforms) = preSolution
		Ad-Hoc|Any CPU = Ad-Hoc|Any CPU
		Ad-Hoc|iPhone = Ad-Hoc|iPhone
		Ad-Hoc|iPhoneSimulator = Ad-Hoc|iPhoneSimulator
		Ad-Hoc|Mixed Platforms = Ad-Hoc|Mixed Platforms
		AppStore|Any CPU = AppStore|Any CPU
		AppStore|iPhone = AppStore|iPhone
		AppStore|iPhoneSimulator = AppStore|iPhoneSimulator
		AppStore|Mixed Platforms = AppStore|Mixed Platforms
		Debug Gateway|Any CPU = Debug Gateway|Any CPU
		Debug Gateway|iPhone = Debug Gateway|iPhone
		Debug Gateway|iPhoneSimulator = Debug Gateway|iPhoneSimulator
		Debug Gateway|Mixed Platforms = Debug Gateway|Mixed Platforms
		Debug|Any CPU = Debug|Any CPU
		Debug|iPhone = Debug|iPhone
		Debug|iPhoneSimulator = Debug|iPhoneSimulator
		Debug|Mixed Platforms = Debug|Mixed Platforms
		Release|Any CPU = Release|Any CPU
		Release|iPhone = Release|iPhone
		Release|iPhoneSimulator = Release|iPhoneSimulator
		Release|Mixed Platforms = Release|Mixed Platforms
	EndGlobalSection
	GlobalSection(ProjectConfigurationPlatforms) = postSolution
		{04CAE728-FF39-4167-BA26-37F761496D75}.Ad-Hoc|Any CPU.ActiveCfg = Ad-Hoc|iPhoneSimulator
		{04CAE728-FF39-4167-BA26-37F761496D75}.Ad-Hoc|Any CPU.Build.0 = Ad-Hoc|iPhoneSimulator
		{04CAE728-FF39-4167-BA26-37F761496D75}.Ad-Hoc|iPhone.ActiveCfg = Ad-Hoc|iPhone
		{04CAE728-FF39-4167-BA26-37F761496D75}.Ad-Hoc|iPhone.Build.0 = Ad-Hoc|iPhone
		{04CAE728-FF39-4167-BA26-37F761496D75}.Ad-Hoc|iPhoneSimulator.ActiveCfg = Ad-Hoc|iPhoneSimulator
		{04CAE728-FF39-4167-BA26-37F761496D75}.Ad-Hoc|iPhoneSimulator.Build.0 = Ad-Hoc|iPhoneSimulator
		{04CAE728-FF39-4167-BA26-37F761496D75}.Ad-Hoc|Mixed Platforms.ActiveCfg = Ad-Hoc|iPhoneSimulator
		{04CAE728-FF39-4167-BA26-37F761496D75}.Ad-Hoc|Mixed Platforms.Build.0 = Ad-Hoc|iPhoneSimulator
		{04CAE728-FF39-4167-BA26-37F761496D75}.AppStore|Any CPU.ActiveCfg = AppStore|iPhoneSimulator
		{04CAE728-FF39-4167-BA26-37F761496D75}.AppStore|iPhone.ActiveCfg = AppStore|iPhone
		{04CAE728-FF39-4167-BA26-37F761496D75}.AppStore|iPhone.Build.0 = AppStore|iPhone
		{04CAE728-FF39-4167-BA26-37F761496D75}.AppStore|iPhoneSimulator.ActiveCfg = AppStore|iPhoneSimulator
		{04CAE728-FF39-4167-BA26-37F761496D75}.AppStore|iPhoneSimulator.Build.0 = AppStore|iPhoneSimulator
		{04CAE728-FF39-4167-BA26-37F761496D75}.AppStore|Mixed Platforms.ActiveCfg = AppStore|iPhoneSimulator
		{04CAE728-FF39-4167-BA26-37F761496D75}.AppStore|Mixed Platforms.Build.0 = AppStore|iPhoneSimulator
		{04CAE728-FF39-4167-BA26-37F761496D75}.Debug Gateway|Any CPU.ActiveCfg = Debug Gateway|iPhone
		{04CAE728-FF39-4167-BA26-37F761496D75}.Debug Gateway|iPhone.ActiveCfg = Debug Gateway|iPhone
		{04CAE728-FF39-4167-BA26-37F761496D75}.Debug Gateway|iPhone.Build.0 = Debug Gateway|iPhone
		{04CAE728-FF39-4167-BA26-37F761496D75}.Debug Gateway|iPhoneSimulator.ActiveCfg = Debug Gateway|iPhoneSimulator
		{04CAE728-FF39-4167-BA26-37F761496D75}.Debug Gateway|Mixed Platforms.ActiveCfg = Debug Gateway|iPhone
		{04CAE728-FF39-4167-BA26-37F761496D75}.Debug Gateway|Mixed Platforms.Build.0 = Debug Gateway|iPhone
		{04CAE728-FF39-4167-BA26-37F761496D75}.Debug|Any CPU.ActiveCfg = Debug|iPhoneSimulator
		{04CAE728-FF39-4167-BA26-37F761496D75}.Debug|Any CPU.Build.0 = Debug|iPhoneSimulator
		{04CAE728-FF39-4167-BA26-37F761496D75}.Debug|iPhone.ActiveCfg = Debug|iPhone
		{04CAE728-FF39-4167-BA26-37F761496D75}.Debug|iPhone.Build.0 = Debug|iPhone
		{04CAE728-FF39-4167-BA26-37F761496D75}.Debug|iPhoneSimulator.ActiveCfg = Debug|iPhoneSimulator
		{04CAE728-FF39-4167-BA26-37F761496D75}.Debug|iPhoneSimulator.Build.0 = Debug|iPhoneSimulator
		{04CAE728-FF39-4167-BA26-37F761496D75}.Debug|Mixed Platforms.ActiveCfg = Debug|iPhoneSimulator
		{04CAE728-FF39-4167-BA26-37F761496D75}.Debug|Mixed Platforms.Build.0 = Debug|iPhoneSimulator
		{04CAE728-FF39-4167-BA26-37F761496D75}.Release|Any CPU.ActiveCfg = Release|iPhoneSimulator
		{04CAE728-FF39-4167-BA26-37F761496D75}.Release|iPhone.ActiveCfg = Release|iPhone
		{04CAE728-FF39-4167-BA26-37F761496D75}.Release|iPhone.Build.0 = Release|iPhone
		{04CAE728-FF39-4167-BA26-37F761496D75}.Release|iPhoneSimulator.ActiveCfg = Release|iPhoneSimulator
		{04CAE728-FF39-4167-BA26-37F761496D75}.Release|iPhoneSimulator.Build.0 = Release|iPhoneSimulator
		{04CAE728-FF39-4167-BA26-37F761496D75}.Release|Mixed Platforms.ActiveCfg = Release|iPhoneSimulator
		{04CAE728-FF39-4167-BA26-37F761496D75}.Release|Mixed Platforms.Build.0 = Release|iPhoneSimulator
		{D17D4C7F-C77D-4B2D-BC4B-3C2FD36705FA}.Ad-Hoc|Any CPU.ActiveCfg = Ad-Hoc|iPhone
		{D17D4C7F-C77D-4B2D-BC4B-3C2FD36705FA}.Ad-Hoc|iPhone.ActiveCfg = Ad-Hoc|iPhone
		{D17D4C7F-C77D-4B2D-BC4B-3C2FD36705FA}.Ad-Hoc|iPhone.Build.0 = Ad-Hoc|iPhone
		{D17D4C7F-C77D-4B2D-BC4B-3C2FD36705FA}.Ad-Hoc|iPhoneSimulator.ActiveCfg = Ad-Hoc|iPhoneSimulator
		{D17D4C7F-C77D-4B2D-BC4B-3C2FD36705FA}.Ad-Hoc|iPhoneSimulator.Build.0 = Ad-Hoc|iPhoneSimulator
		{D17D4C7F-C77D-4B2D-BC4B-3C2FD36705FA}.Ad-Hoc|Mixed Platforms.ActiveCfg = Ad-Hoc|iPhone
		{D17D4C7F-C77D-4B2D-BC4B-3C2FD36705FA}.Ad-Hoc|Mixed Platforms.Build.0 = Ad-Hoc|iPhone
		{D17D4C7F-C77D-4B2D-BC4B-3C2FD36705FA}.AppStore|Any CPU.ActiveCfg = AppStore|iPhone
		{D17D4C7F-C77D-4B2D-BC4B-3C2FD36705FA}.AppStore|iPhone.ActiveCfg = AppStore|iPhone
		{D17D4C7F-C77D-4B2D-BC4B-3C2FD36705FA}.AppStore|iPhone.Build.0 = AppStore|iPhone
		{D17D4C7F-C77D-4B2D-BC4B-3C2FD36705FA}.AppStore|iPhoneSimulator.ActiveCfg = AppStore|iPhoneSimulator
		{D17D4C7F-C77D-4B2D-BC4B-3C2FD36705FA}.AppStore|iPhoneSimulator.Build.0 = AppStore|iPhoneSimulator
		{D17D4C7F-C77D-4B2D-BC4B-3C2FD36705FA}.AppStore|Mixed Platforms.ActiveCfg = AppStore|iPhone
		{D17D4C7F-C77D-4B2D-BC4B-3C2FD36705FA}.AppStore|Mixed Platforms.Build.0 = AppStore|iPhone
		{D17D4C7F-C77D-4B2D-BC4B-3C2FD36705FA}.Debug Gateway|Any CPU.ActiveCfg = Debug Gateway|iPhone
		{D17D4C7F-C77D-4B2D-BC4B-3C2FD36705FA}.Debug Gateway|iPhone.ActiveCfg = Debug Gateway|iPhone
		{D17D4C7F-C77D-4B2D-BC4B-3C2FD36705FA}.Debug Gateway|iPhone.Build.0 = Debug Gateway|iPhone
		{D17D4C7F-C77D-4B2D-BC4B-3C2FD36705FA}.Debug Gateway|iPhoneSimulator.ActiveCfg = Debug Gateway|iPhoneSimulator
		{D17D4C7F-C77D-4B2D-BC4B-3C2FD36705FA}.Debug Gateway|Mixed Platforms.ActiveCfg = Debug Gateway|iPhone
		{D17D4C7F-C77D-4B2D-BC4B-3C2FD36705FA}.Debug Gateway|Mixed Platforms.Build.0 = Debug Gateway|iPhone
		{D17D4C7F-C77D-4B2D-BC4B-3C2FD36705FA}.Debug|Any CPU.ActiveCfg = Debug|iPhone
		{D17D4C7F-C77D-4B2D-BC4B-3C2FD36705FA}.Debug|iPhone.ActiveCfg = Debug|iPhone
		{D17D4C7F-C77D-4B2D-BC4B-3C2FD36705FA}.Debug|iPhone.Build.0 = Debug|iPhone
		{D17D4C7F-C77D-4B2D-BC4B-3C2FD36705FA}.Debug|iPhoneSimulator.ActiveCfg = Debug|iPhoneSimulator
		{D17D4C7F-C77D-4B2D-BC4B-3C2FD36705FA}.Debug|iPhoneSimulator.Build.0 = Debug|iPhoneSimulator
		{D17D4C7F-C77D-4B2D-BC4B-3C2FD36705FA}.Debug|Mixed Platforms.ActiveCfg = Debug|iPhone
		{D17D4C7F-C77D-4B2D-BC4B-3C2FD36705FA}.Debug|Mixed Platforms.Build.0 = Debug|iPhone
		{D17D4C7F-C77D-4B2D-BC4B-3C2FD36705FA}.Release|Any CPU.ActiveCfg = Release|iPhone
		{D17D4C7F-C77D-4B2D-BC4B-3C2FD36705FA}.Release|iPhone.ActiveCfg = Release|iPhone
		{D17D4C7F-C77D-4B2D-BC4B-3C2FD36705FA}.Release|iPhone.Build.0 = Release|iPhone
		{D17D4C7F-C77D-4B2D-BC4B-3C2FD36705FA}.Release|iPhoneSimulator.ActiveCfg = Release|iPhoneSimulator
		{D17D4C7F-C77D-4B2D-BC4B-3C2FD36705FA}.Release|iPhoneSimulator.Build.0 = Release|iPhoneSimulator
		{D17D4C7F-C77D-4B2D-BC4B-3C2FD36705FA}.Release|Mixed Platforms.ActiveCfg = Release|iPhone
		{D17D4C7F-C77D-4B2D-BC4B-3C2FD36705FA}.Release|Mixed Platforms.Build.0 = Release|iPhone
		{A471D612-5FDD-45A1-87D6-74CA143FD41C}.Ad-Hoc|Any CPU.ActiveCfg = Ad-Hoc|iPhone
		{A471D612-5FDD-45A1-87D6-74CA143FD41C}.Ad-Hoc|iPhone.ActiveCfg = Ad-Hoc|iPhone
		{A471D612-5FDD-45A1-87D6-74CA143FD41C}.Ad-Hoc|iPhone.Build.0 = Ad-Hoc|iPhone
		{A471D612-5FDD-45A1-87D6-74CA143FD41C}.Ad-Hoc|iPhone.Deploy.0 = Ad-Hoc|iPhone
		{A471D612-5FDD-45A1-87D6-74CA143FD41C}.Ad-Hoc|iPhoneSimulator.ActiveCfg = Ad-Hoc|iPhoneSimulator
		{A471D612-5FDD-45A1-87D6-74CA143FD41C}.Ad-Hoc|iPhoneSimulator.Build.0 = Ad-Hoc|iPhoneSimulator
		{A471D612-5FDD-45A1-87D6-74CA143FD41C}.Ad-Hoc|iPhoneSimulator.Deploy.0 = Ad-Hoc|iPhoneSimulator
		{A471D612-5FDD-45A1-87D6-74CA143FD41C}.Ad-Hoc|Mixed Platforms.ActiveCfg = Ad-Hoc|iPhone
		{A471D612-5FDD-45A1-87D6-74CA143FD41C}.Ad-Hoc|Mixed Platforms.Build.0 = Ad-Hoc|iPhone
		{A471D612-5FDD-45A1-87D6-74CA143FD41C}.Ad-Hoc|Mixed Platforms.Deploy.0 = Ad-Hoc|iPhone
		{A471D612-5FDD-45A1-87D6-74CA143FD41C}.AppStore|Any CPU.ActiveCfg = AppStore|iPhone
		{A471D612-5FDD-45A1-87D6-74CA143FD41C}.AppStore|iPhone.ActiveCfg = AppStore|iPhone
		{A471D612-5FDD-45A1-87D6-74CA143FD41C}.AppStore|iPhone.Build.0 = AppStore|iPhone
		{A471D612-5FDD-45A1-87D6-74CA143FD41C}.AppStore|iPhone.Deploy.0 = AppStore|iPhone
		{A471D612-5FDD-45A1-87D6-74CA143FD41C}.AppStore|iPhoneSimulator.ActiveCfg = AppStore|iPhoneSimulator
		{A471D612-5FDD-45A1-87D6-74CA143FD41C}.AppStore|iPhoneSimulator.Build.0 = AppStore|iPhoneSimulator
		{A471D612-5FDD-45A1-87D6-74CA143FD41C}.AppStore|iPhoneSimulator.Deploy.0 = AppStore|iPhoneSimulator
		{A471D612-5FDD-45A1-87D6-74CA143FD41C}.AppStore|Mixed Platforms.ActiveCfg = AppStore|iPhone
		{A471D612-5FDD-45A1-87D6-74CA143FD41C}.AppStore|Mixed Platforms.Build.0 = AppStore|iPhone
		{A471D612-5FDD-45A1-87D6-74CA143FD41C}.AppStore|Mixed Platforms.Deploy.0 = AppStore|iPhone
		{A471D612-5FDD-45A1-87D6-74CA143FD41C}.Debug Gateway|Any CPU.ActiveCfg = Debug Gateway|iPhone
		{A471D612-5FDD-45A1-87D6-74CA143FD41C}.Debug Gateway|Any CPU.Build.0 = Debug Gateway|iPhone
		{A471D612-5FDD-45A1-87D6-74CA143FD41C}.Debug Gateway|iPhone.ActiveCfg = Debug Gateway|iPhone
		{A471D612-5FDD-45A1-87D6-74CA143FD41C}.Debug Gateway|iPhoneSimulator.ActiveCfg = Debug Gateway|iPhoneSimulator
		{A471D612-5FDD-45A1-87D6-74CA143FD41C}.Debug Gateway|Mixed Platforms.ActiveCfg = Debug Gateway|iPhone
		{A471D612-5FDD-45A1-87D6-74CA143FD41C}.Debug Gateway|Mixed Platforms.Build.0 = Debug Gateway|iPhone
		{A471D612-5FDD-45A1-87D6-74CA143FD41C}.Debug|Any CPU.ActiveCfg = Debug|iPhone
		{A471D612-5FDD-45A1-87D6-74CA143FD41C}.Debug|iPhone.ActiveCfg = Debug|iPhone
		{A471D612-5FDD-45A1-87D6-74CA143FD41C}.Debug|iPhone.Build.0 = Debug|iPhone
		{A471D612-5FDD-45A1-87D6-74CA143FD41C}.Debug|iPhone.Deploy.0 = Debug|iPhone
		{A471D612-5FDD-45A1-87D6-74CA143FD41C}.Debug|iPhoneSimulator.ActiveCfg = Debug|iPhoneSimulator
		{A471D612-5FDD-45A1-87D6-74CA143FD41C}.Debug|iPhoneSimulator.Deploy.0 = Debug|iPhoneSimulator
		{A471D612-5FDD-45A1-87D6-74CA143FD41C}.Debug|Mixed Platforms.ActiveCfg = Debug|iPhone
		{A471D612-5FDD-45A1-87D6-74CA143FD41C}.Release|Any CPU.ActiveCfg = Release|iPhone
		{A471D612-5FDD-45A1-87D6-74CA143FD41C}.Release|iPhone.ActiveCfg = Release|iPhone
		{A471D612-5FDD-45A1-87D6-74CA143FD41C}.Release|iPhone.Build.0 = Release|iPhone
		{A471D612-5FDD-45A1-87D6-74CA143FD41C}.Release|iPhone.Deploy.0 = Release|iPhone
		{A471D612-5FDD-45A1-87D6-74CA143FD41C}.Release|iPhoneSimulator.ActiveCfg = Release|iPhoneSimulator
		{A471D612-5FDD-45A1-87D6-74CA143FD41C}.Release|iPhoneSimulator.Build.0 = Release|iPhoneSimulator
		{A471D612-5FDD-45A1-87D6-74CA143FD41C}.Release|iPhoneSimulator.Deploy.0 = Release|iPhoneSimulator
		{A471D612-5FDD-45A1-87D6-74CA143FD41C}.Release|Mixed Platforms.ActiveCfg = Release|iPhone
		{A471D612-5FDD-45A1-87D6-74CA143FD41C}.Release|Mixed Platforms.Build.0 = Release|iPhone
		{A471D612-5FDD-45A1-87D6-74CA143FD41C}.Release|Mixed Platforms.Deploy.0 = Release|iPhone
		{16C50F05-452B-43F1-89B2-F0EBA71A6E6C}.Ad-Hoc|Any CPU.ActiveCfg = Release|Any CPU
		{16C50F05-452B-43F1-89B2-F0EBA71A6E6C}.Ad-Hoc|Any CPU.Build.0 = Release|Any CPU
		{16C50F05-452B-43F1-89B2-F0EBA71A6E6C}.Ad-Hoc|iPhone.ActiveCfg = Release|Any CPU
		{16C50F05-452B-43F1-89B2-F0EBA71A6E6C}.Ad-Hoc|iPhoneSimulator.ActiveCfg = Release|Any CPU
		{16C50F05-452B-43F1-89B2-F0EBA71A6E6C}.Ad-Hoc|Mixed Platforms.ActiveCfg = Release|Any CPU
		{16C50F05-452B-43F1-89B2-F0EBA71A6E6C}.Ad-Hoc|Mixed Platforms.Build.0 = Release|Any CPU
		{16C50F05-452B-43F1-89B2-F0EBA71A6E6C}.AppStore|Any CPU.ActiveCfg = Release|Any CPU
		{16C50F05-452B-43F1-89B2-F0EBA71A6E6C}.AppStore|Any CPU.Build.0 = Release|Any CPU
		{16C50F05-452B-43F1-89B2-F0EBA71A6E6C}.AppStore|iPhone.ActiveCfg = Release|Any CPU
		{16C50F05-452B-43F1-89B2-F0EBA71A6E6C}.AppStore|iPhoneSimulator.ActiveCfg = Release|Any CPU
		{16C50F05-452B-43F1-89B2-F0EBA71A6E6C}.AppStore|Mixed Platforms.ActiveCfg = Release|Any CPU
		{16C50F05-452B-43F1-89B2-F0EBA71A6E6C}.AppStore|Mixed Platforms.Build.0 = Release|Any CPU
		{16C50F05-452B-43F1-89B2-F0EBA71A6E6C}.Debug Gateway|Any CPU.ActiveCfg = Debug Gateway|Any CPU
		{16C50F05-452B-43F1-89B2-F0EBA71A6E6C}.Debug Gateway|Any CPU.Build.0 = Debug Gateway|Any CPU
		{16C50F05-452B-43F1-89B2-F0EBA71A6E6C}.Debug Gateway|iPhone.ActiveCfg = Debug Gateway|Any CPU
		{16C50F05-452B-43F1-89B2-F0EBA71A6E6C}.Debug Gateway|iPhoneSimulator.ActiveCfg = Debug Gateway|Any CPU
		{16C50F05-452B-43F1-89B2-F0EBA71A6E6C}.Debug Gateway|iPhoneSimulator.Build.0 = Debug Gateway|Any CPU
		{16C50F05-452B-43F1-89B2-F0EBA71A6E6C}.Debug Gateway|Mixed Platforms.ActiveCfg = Debug Gateway|Any CPU
		{16C50F05-452B-43F1-89B2-F0EBA71A6E6C}.Debug Gateway|Mixed Platforms.Build.0 = Debug Gateway|Any CPU
		{16C50F05-452B-43F1-89B2-F0EBA71A6E6C}.Debug|Any CPU.ActiveCfg = Debug|Any CPU
		{16C50F05-452B-43F1-89B2-F0EBA71A6E6C}.Debug|Any CPU.Build.0 = Debug|Any CPU
		{16C50F05-452B-43F1-89B2-F0EBA71A6E6C}.Debug|iPhone.ActiveCfg = Debug|Any CPU
		{16C50F05-452B-43F1-89B2-F0EBA71A6E6C}.Debug|iPhoneSimulator.ActiveCfg = Debug|Any CPU
		{16C50F05-452B-43F1-89B2-F0EBA71A6E6C}.Debug|Mixed Platforms.ActiveCfg = Debug|Any CPU
		{16C50F05-452B-43F1-89B2-F0EBA71A6E6C}.Release|Any CPU.ActiveCfg = Release|Any CPU
		{16C50F05-452B-43F1-89B2-F0EBA71A6E6C}.Release|Any CPU.Build.0 = Release|Any CPU
		{16C50F05-452B-43F1-89B2-F0EBA71A6E6C}.Release|iPhone.ActiveCfg = Release|Any CPU
		{16C50F05-452B-43F1-89B2-F0EBA71A6E6C}.Release|iPhoneSimulator.ActiveCfg = Release|Any CPU
		{16C50F05-452B-43F1-89B2-F0EBA71A6E6C}.Release|Mixed Platforms.ActiveCfg = Release|Any CPU
		{16C50F05-452B-43F1-89B2-F0EBA71A6E6C}.Release|Mixed Platforms.Build.0 = Release|Any CPU
		{22D4D106-A58C-4640-9497-964BAEE3F8E6}.Ad-Hoc|Any CPU.ActiveCfg = Release|Any CPU
		{22D4D106-A58C-4640-9497-964BAEE3F8E6}.Ad-Hoc|Any CPU.Build.0 = Release|Any CPU
		{22D4D106-A58C-4640-9497-964BAEE3F8E6}.Ad-Hoc|iPhone.ActiveCfg = Release|Any CPU
		{22D4D106-A58C-4640-9497-964BAEE3F8E6}.Ad-Hoc|iPhoneSimulator.ActiveCfg = Release|Any CPU
		{22D4D106-A58C-4640-9497-964BAEE3F8E6}.Ad-Hoc|Mixed Platforms.ActiveCfg = Release|Any CPU
		{22D4D106-A58C-4640-9497-964BAEE3F8E6}.Ad-Hoc|Mixed Platforms.Build.0 = Release|Any CPU
		{22D4D106-A58C-4640-9497-964BAEE3F8E6}.AppStore|Any CPU.ActiveCfg = Release|Any CPU
		{22D4D106-A58C-4640-9497-964BAEE3F8E6}.AppStore|Any CPU.Build.0 = Release|Any CPU
		{22D4D106-A58C-4640-9497-964BAEE3F8E6}.AppStore|iPhone.ActiveCfg = Release|Any CPU
		{22D4D106-A58C-4640-9497-964BAEE3F8E6}.AppStore|iPhoneSimulator.ActiveCfg = Release|Any CPU
		{22D4D106-A58C-4640-9497-964BAEE3F8E6}.AppStore|Mixed Platforms.ActiveCfg = Release|Any CPU
		{22D4D106-A58C-4640-9497-964BAEE3F8E6}.AppStore|Mixed Platforms.Build.0 = Release|Any CPU
		{22D4D106-A58C-4640-9497-964BAEE3F8E6}.Debug Gateway|Any CPU.ActiveCfg = Debug Gateway|Any CPU
		{22D4D106-A58C-4640-9497-964BAEE3F8E6}.Debug Gateway|Any CPU.Build.0 = Debug Gateway|Any CPU
		{22D4D106-A58C-4640-9497-964BAEE3F8E6}.Debug Gateway|iPhone.ActiveCfg = Debug Gateway|Any CPU
		{22D4D106-A58C-4640-9497-964BAEE3F8E6}.Debug Gateway|iPhoneSimulator.ActiveCfg = Debug Gateway|Any CPU
		{22D4D106-A58C-4640-9497-964BAEE3F8E6}.Debug Gateway|iPhoneSimulator.Build.0 = Debug Gateway|Any CPU
		{22D4D106-A58C-4640-9497-964BAEE3F8E6}.Debug Gateway|Mixed Platforms.ActiveCfg = Debug Gateway|Any CPU
		{22D4D106-A58C-4640-9497-964BAEE3F8E6}.Debug Gateway|Mixed Platforms.Build.0 = Debug Gateway|Any CPU
		{22D4D106-A58C-4640-9497-964BAEE3F8E6}.Debug|Any CPU.ActiveCfg = Debug|Any CPU
		{22D4D106-A58C-4640-9497-964BAEE3F8E6}.Debug|Any CPU.Build.0 = Debug|Any CPU
		{22D4D106-A58C-4640-9497-964BAEE3F8E6}.Debug|iPhone.ActiveCfg = Debug|Any CPU
		{22D4D106-A58C-4640-9497-964BAEE3F8E6}.Debug|iPhoneSimulator.ActiveCfg = Debug|Any CPU
		{22D4D106-A58C-4640-9497-964BAEE3F8E6}.Debug|Mixed Platforms.ActiveCfg = Debug|Any CPU
		{22D4D106-A58C-4640-9497-964BAEE3F8E6}.Release|Any CPU.ActiveCfg = Release|Any CPU
		{22D4D106-A58C-4640-9497-964BAEE3F8E6}.Release|Any CPU.Build.0 = Release|Any CPU
		{22D4D106-A58C-4640-9497-964BAEE3F8E6}.Release|iPhone.ActiveCfg = Release|Any CPU
		{22D4D106-A58C-4640-9497-964BAEE3F8E6}.Release|iPhoneSimulator.ActiveCfg = Release|Any CPU
		{22D4D106-A58C-4640-9497-964BAEE3F8E6}.Release|Mixed Platforms.ActiveCfg = Release|Any CPU
		{22D4D106-A58C-4640-9497-964BAEE3F8E6}.Release|Mixed Platforms.Build.0 = Release|Any CPU
	EndGlobalSection
	GlobalSection(SolutionProperties) = preSolution
		HideSolutionNode = FALSE
	EndGlobalSection
	GlobalSection(MonoDevelopProperties) = preSolution
		StartupItem = MT.SAP.CRM\SAP.CRM.MT.csproj
	EndGlobalSection
EndGlobal
